// !$*UTF8*$!
{
	archiveVersion = 1;
	classes = {
	};
	objectVersion = 51;
	objects = {

/* Begin PBXBuildFile section */
		32F93F8F397D8724B653FB7A /* Pods_ngaopensource.framework in Frameworks */ = {isa = PBXBuildFile; fileRef = 2E32DEF9695A8A8269ED263A /* Pods_ngaopensource.framework */; };
		8B039C4123B59B30008BDFAF /* util.swift in Sources */ = {isa = PBXBuildFile; fileRef = 8B039C4023B59B2F008BDFAF /* util.swift */; };
		8B039C4323B5A8FC008BDFAF /* forumModels.swift in Sources */ = {isa = PBXBuildFile; fileRef = 8B039C4223B5A8FC008BDFAF /* forumModels.swift */; };
		8B38DC6F23B89B9B00C3C701 /* TopicController.swift in Sources */ = {isa = PBXBuildFile; fileRef = 8B38DC6E23B89B9B00C3C701 /* TopicController.swift */; };
		8B58E09823ADBDFF0007D79B /* AppDelegate.swift in Sources */ = {isa = PBXBuildFile; fileRef = 8B58E09723ADBDFF0007D79B /* AppDelegate.swift */; };
		8B58E09A23ADBDFF0007D79B /* SceneDelegate.swift in Sources */ = {isa = PBXBuildFile; fileRef = 8B58E09923ADBDFF0007D79B /* SceneDelegate.swift */; };
		8B58E09C23ADBDFF0007D79B /* TopicListController.swift in Sources */ = {isa = PBXBuildFile; fileRef = 8B58E09B23ADBDFF0007D79B /* TopicListController.swift */; };
		8B58E0A123ADBDFF0007D79B /* Main.storyboard in Resources */ = {isa = PBXBuildFile; fileRef = 8B58E09F23ADBDFF0007D79B /* Main.storyboard */; };
		8B58E0A323ADBE030007D79B /* Assets.xcassets in Resources */ = {isa = PBXBuildFile; fileRef = 8B58E0A223ADBE030007D79B /* Assets.xcassets */; };
		8B58E0A623ADBE030007D79B /* LaunchScreen.storyboard in Resources */ = {isa = PBXBuildFile; fileRef = 8B58E0A423ADBE030007D79B /* LaunchScreen.storyboard */; };
		8B6788D0248F8C72006C83CC /* subForumsSaved.plist in Resources */ = {isa = PBXBuildFile; fileRef = 8B6788CF248F8C72006C83CC /* subForumsSaved.plist */; };
		8B6788D22494E0D2006C83CC /* UserAgreementViewController.swift in Sources */ = {isa = PBXBuildFile; fileRef = 8B6788D12494E0D2006C83CC /* UserAgreementViewController.swift */; };
		8B75C55423F6B8EF00AB4DA0 /* ActionStyleCell.xib in Resources */ = {isa = PBXBuildFile; fileRef = 8B75C55323F6B8EF00AB4DA0 /* ActionStyleCell.xib */; };
		8B75C55623F9141200AB4DA0 /* NewForumController.swift in Sources */ = {isa = PBXBuildFile; fileRef = 8B75C55523F9141100AB4DA0 /* NewForumController.swift */; };
		8B75C55823FAA19700AB4DA0 /* SavedTopicsController.swift in Sources */ = {isa = PBXBuildFile; fileRef = 8B75C55723FAA19600AB4DA0 /* SavedTopicsController.swift */; };
		8B95F80323B9CD4B00CCEB83 /* TopicModel.swift in Sources */ = {isa = PBXBuildFile; fileRef = 8B95F80223B9CD4B00CCEB83 /* TopicModel.swift */; };
		8BAA97E423DDEC5000B80CD7 /* HomeViewController.swift in Sources */ = {isa = PBXBuildFile; fileRef = 8BAA97E323DDEC5000B80CD7 /* HomeViewController.swift */; };
		8BAA97E623DDF14D00B80CD7 /* SubForumMenuController.swift in Sources */ = {isa = PBXBuildFile; fileRef = 8BAA97E523DDF14D00B80CD7 /* SubForumMenuController.swift */; };
		8BAA97E823DDFFBF00B80CD7 /* subForums.plist in Resources */ = {isa = PBXBuildFile; fileRef = 8BAA97E723DDFFBF00B80CD7 /* subForums.plist */; };
		8BC3D39524018317004F6BAA /* NgbTabBarController.swift in Sources */ = {isa = PBXBuildFile; fileRef = 8BC3D39424018317004F6BAA /* NgbTabBarController.swift */; };
		8BE40EC92489D21E009D284C /* EditForumViewController.swift in Sources */ = {isa = PBXBuildFile; fileRef = 8BE40EC82489D21E009D284C /* EditForumViewController.swift */; };
		8BF73C6923B20FEE0029E360 /* Model.swift in Sources */ = {isa = PBXBuildFile; fileRef = 8BF73C6823B20FEE0029E360 /* Model.swift */; };
		8BF73C6B23B35BD20029E360 /* TopicListModel.swift in Sources */ = {isa = PBXBuildFile; fileRef = 8BF73C6A23B35BD20029E360 /* TopicListModel.swift */; };
/* End PBXBuildFile section */

/* Begin PBXFileReference section */
		2E32DEF9695A8A8269ED263A /* Pods_ngaopensource.framework */ = {isa = PBXFileReference; explicitFileType = wrapper.framework; includeInIndex = 0; path = Pods_ngaopensource.framework; sourceTree = BUILT_PRODUCTS_DIR; };
		416E71BFDBD35287307A0024 /* Pods-ngaopensource.debug.xcconfig */ = {isa = PBXFileReference; includeInIndex = 1; lastKnownFileType = text.xcconfig; name = "Pods-ngaopensource.debug.xcconfig"; path = "Target Support Files/Pods-ngaopensource/Pods-ngaopensource.debug.xcconfig"; sourceTree = "<group>"; };
		483FA3F405F0C686E4767871 /* Pods-ngaopensource.release.xcconfig */ = {isa = PBXFileReference; includeInIndex = 1; lastKnownFileType = text.xcconfig; name = "Pods-ngaopensource.release.xcconfig"; path = "Target Support Files/Pods-ngaopensource/Pods-ngaopensource.release.xcconfig"; sourceTree = "<group>"; };
		8B039C4023B59B2F008BDFAF /* util.swift */ = {isa = PBXFileReference; lastKnownFileType = sourcecode.swift; path = util.swift; sourceTree = "<group>"; };
		8B039C4223B5A8FC008BDFAF /* forumModels.swift */ = {isa = PBXFileReference; lastKnownFileType = sourcecode.swift; path = forumModels.swift; sourceTree = "<group>"; };
		8B38DC6E23B89B9B00C3C701 /* TopicController.swift */ = {isa = PBXFileReference; lastKnownFileType = sourcecode.swift; path = TopicController.swift; sourceTree = "<group>"; };
		8B58E09423ADBDFF0007D79B /* ngb.app */ = {isa = PBXFileReference; explicitFileType = wrapper.application; includeInIndex = 0; path = ngb.app; sourceTree = BUILT_PRODUCTS_DIR; };
		8B58E09723ADBDFF0007D79B /* AppDelegate.swift */ = {isa = PBXFileReference; lastKnownFileType = sourcecode.swift; path = AppDelegate.swift; sourceTree = "<group>"; };
		8B58E09923ADBDFF0007D79B /* SceneDelegate.swift */ = {isa = PBXFileReference; lastKnownFileType = sourcecode.swift; path = SceneDelegate.swift; sourceTree = "<group>"; };
		8B58E09B23ADBDFF0007D79B /* TopicListController.swift */ = {isa = PBXFileReference; lastKnownFileType = sourcecode.swift; path = TopicListController.swift; sourceTree = "<group>"; };
		8B58E0A023ADBDFF0007D79B /* Base */ = {isa = PBXFileReference; lastKnownFileType = file.storyboard; name = Base; path = Base.lproj/Main.storyboard; sourceTree = "<group>"; };
		8B58E0A223ADBE030007D79B /* Assets.xcassets */ = {isa = PBXFileReference; lastKnownFileType = folder.assetcatalog; path = Assets.xcassets; sourceTree = "<group>"; };
		8B58E0A523ADBE030007D79B /* Base */ = {isa = PBXFileReference; lastKnownFileType = file.storyboard; name = Base; path = Base.lproj/LaunchScreen.storyboard; sourceTree = "<group>"; };
		8B58E0A723ADBE030007D79B /* Info.plist */ = {isa = PBXFileReference; lastKnownFileType = text.plist.xml; path = Info.plist; sourceTree = "<group>"; };
		8B6788CF248F8C72006C83CC /* subForumsSaved.plist */ = {isa = PBXFileReference; lastKnownFileType = text.plist.xml; path = subForumsSaved.plist; sourceTree = "<group>"; };
		8B6788D12494E0D2006C83CC /* UserAgreementViewController.swift */ = {isa = PBXFileReference; lastKnownFileType = sourcecode.swift; path = UserAgreementViewController.swift; sourceTree = "<group>"; };
		8B75C55323F6B8EF00AB4DA0 /* ActionStyleCell.xib */ = {isa = PBXFileReference; fileEncoding = 4; lastKnownFileType = file.xib; path = ActionStyleCell.xib; sourceTree = "<group>"; };
		8B75C55523F9141100AB4DA0 /* NewForumController.swift */ = {isa = PBXFileReference; lastKnownFileType = sourcecode.swift; path = NewForumController.swift; sourceTree = "<group>"; };
		8B75C55723FAA19600AB4DA0 /* SavedTopicsController.swift */ = {isa = PBXFileReference; lastKnownFileType = sourcecode.swift; path = SavedTopicsController.swift; sourceTree = "<group>"; };
		8B95F80223B9CD4B00CCEB83 /* TopicModel.swift */ = {isa = PBXFileReference; fileEncoding = 4; lastKnownFileType = sourcecode.swift; path = TopicModel.swift; sourceTree = "<group>"; };
		8BAA97E323DDEC5000B80CD7 /* HomeViewController.swift */ = {isa = PBXFileReference; lastKnownFileType = sourcecode.swift; path = HomeViewController.swift; sourceTree = "<group>"; };
		8BAA97E523DDF14D00B80CD7 /* SubForumMenuController.swift */ = {isa = PBXFileReference; lastKnownFileType = sourcecode.swift; path = SubForumMenuController.swift; sourceTree = "<group>"; };
		8BAA97E723DDFFBF00B80CD7 /* subForums.plist */ = {isa = PBXFileReference; lastKnownFileType = text.plist.xml; path = subForums.plist; sourceTree = "<group>"; };
		8BC3D39424018317004F6BAA /* NgbTabBarController.swift */ = {isa = PBXFileReference; lastKnownFileType = sourcecode.swift; path = NgbTabBarController.swift; sourceTree = "<group>"; };
		8BE40EC82489D21E009D284C /* EditForumViewController.swift */ = {isa = PBXFileReference; lastKnownFileType = sourcecode.swift; path = EditForumViewController.swift; sourceTree = "<group>"; };
		8BF73C6823B20FEE0029E360 /* Model.swift */ = {isa = PBXFileReference; lastKnownFileType = sourcecode.swift; path = Model.swift; sourceTree = "<group>"; };
		8BF73C6A23B35BD20029E360 /* TopicListModel.swift */ = {isa = PBXFileReference; lastKnownFileType = sourcecode.swift; path = TopicListModel.swift; sourceTree = "<group>"; };
/* End PBXFileReference section */

/* Begin PBXFrameworksBuildPhase section */
		8B58E09123ADBDFF0007D79B /* Frameworks */ = {
			isa = PBXFrameworksBuildPhase;
			buildActionMask = 2147483647;
			files = (
				32F93F8F397D8724B653FB7A /* Pods_ngaopensource.framework in Frameworks */,
			);
			runOnlyForDeploymentPostprocessing = 0;
		};
/* End PBXFrameworksBuildPhase section */

/* Begin PBXGroup section */
		1BA438F3F4B1C1BEE88DCFDA /* Frameworks */ = {
			isa = PBXGroup;
			children = (
				2E32DEF9695A8A8269ED263A /* Pods_ngaopensource.framework */,
			);
			name = Frameworks;
			sourceTree = "<group>";
		};
		343789DE3B164532F32524AB /* Pods */ = {
			isa = PBXGroup;
			children = (
				416E71BFDBD35287307A0024 /* Pods-ngaopensource.debug.xcconfig */,
				483FA3F405F0C686E4767871 /* Pods-ngaopensource.release.xcconfig */,
			);
			path = Pods;
			sourceTree = "<group>";
		};
		8B58E08B23ADBDFF0007D79B = {
			isa = PBXGroup;
			children = (
				8B58E09623ADBDFF0007D79B /* ngaopensource */,
				8B58E09523ADBDFF0007D79B /* Products */,
				343789DE3B164532F32524AB /* Pods */,
				1BA438F3F4B1C1BEE88DCFDA /* Frameworks */,
			);
			sourceTree = "<group>";
		};
		8B58E09523ADBDFF0007D79B /* Products */ = {
			isa = PBXGroup;
			children = (
				8B58E09423ADBDFF0007D79B /* ngb.app */,
			);
			name = Products;
			sourceTree = "<group>";
		};
		8B58E09623ADBDFF0007D79B /* ngaopensource */ = {
			isa = PBXGroup;
			children = (
				8B75C55323F6B8EF00AB4DA0 /* ActionStyleCell.xib */,
				8BAA97E523DDF14D00B80CD7 /* SubForumMenuController.swift */,
				8B58E09723ADBDFF0007D79B /* AppDelegate.swift */,
				8B58E09923ADBDFF0007D79B /* SceneDelegate.swift */,
				8B58E09B23ADBDFF0007D79B /* TopicListController.swift */,
				8BF73C6A23B35BD20029E360 /* TopicListModel.swift */,
				8B58E09F23ADBDFF0007D79B /* Main.storyboard */,
				8B75C55523F9141100AB4DA0 /* NewForumController.swift */,
				8BF73C6823B20FEE0029E360 /* Model.swift */,
				8B95F80223B9CD4B00CCEB83 /* TopicModel.swift */,
				8B039C4223B5A8FC008BDFAF /* forumModels.swift */,
				8B58E0A223ADBE030007D79B /* Assets.xcassets */,
				8B58E0A423ADBE030007D79B /* LaunchScreen.storyboard */,
				8B58E0A723ADBE030007D79B /* Info.plist */,
				8B039C4023B59B2F008BDFAF /* util.swift */,
				8B38DC6E23B89B9B00C3C701 /* TopicController.swift */,
				8BAA97E323DDEC5000B80CD7 /* HomeViewController.swift */,
				8BAA97E723DDFFBF00B80CD7 /* subForums.plist */,
				8B6788CF248F8C72006C83CC /* subForumsSaved.plist */,
				8B75C55723FAA19600AB4DA0 /* SavedTopicsController.swift */,
				8BC3D39424018317004F6BAA /* NgbTabBarController.swift */,
				8BE40EC82489D21E009D284C /* EditForumViewController.swift */,
				8B6788D12494E0D2006C83CC /* UserAgreementViewController.swift */,
			);
			path = ngaopensource;
			sourceTree = "<group>";
		};
/* End PBXGroup section */

/* Begin PBXNativeTarget section */
		8B58E09323ADBDFF0007D79B /* ngaopensource */ = {
			isa = PBXNativeTarget;
			buildConfigurationList = 8B58E0AA23ADBE030007D79B /* Build configuration list for PBXNativeTarget "ngaopensource" */;
			buildPhases = (
				91FD5CCD925CEDF7A7D05FEC /* [CP] Check Pods Manifest.lock */,
				8B58E09023ADBDFF0007D79B /* Sources */,
				8B58E09123ADBDFF0007D79B /* Frameworks */,
				8B58E09223ADBDFF0007D79B /* Resources */,
				BF831E3A106F9DDE139A6941 /* [CP] Embed Pods Frameworks */,
			);
			buildRules = (
			);
			dependencies = (
			);
			name = ngaopensource;
			productName = ngaopensource;
			productReference = 8B58E09423ADBDFF0007D79B /* ngb.app */;
			productType = "com.apple.product-type.application";
		};
/* End PBXNativeTarget section */

/* Begin PBXProject section */
		8B58E08C23ADBDFF0007D79B /* Project object */ = {
			isa = PBXProject;
			attributes = {
				LastSwiftUpdateCheck = 1120;
				LastUpgradeCheck = 1120;
				ORGANIZATIONNAME = rongday;
				TargetAttributes = {
					8B58E09323ADBDFF0007D79B = {
						CreatedOnToolsVersion = 11.2.1;
					};
				};
			};
			buildConfigurationList = 8B58E08F23ADBDFF0007D79B /* Build configuration list for PBXProject "ngaopensource" */;
			compatibilityVersion = "Xcode 9.3";
			developmentRegion = en;
			hasScannedForEncodings = 0;
			knownRegions = (
				en,
				Base,
			);
			mainGroup = 8B58E08B23ADBDFF0007D79B;
			productRefGroup = 8B58E09523ADBDFF0007D79B /* Products */;
			projectDirPath = "";
			projectRoot = "";
			targets = (
				8B58E09323ADBDFF0007D79B /* ngaopensource */,
			);
		};
/* End PBXProject section */

/* Begin PBXResourcesBuildPhase section */
		8B58E09223ADBDFF0007D79B /* Resources */ = {
			isa = PBXResourcesBuildPhase;
			buildActionMask = 2147483647;
			files = (
				8B6788D0248F8C72006C83CC /* subForumsSaved.plist in Resources */,
				8B58E0A623ADBE030007D79B /* LaunchScreen.storyboard in Resources */,
				8B58E0A323ADBE030007D79B /* Assets.xcassets in Resources */,
				8B58E0A123ADBDFF0007D79B /* Main.storyboard in Resources */,
				8BAA97E823DDFFBF00B80CD7 /* subForums.plist in Resources */,
				8B75C55423F6B8EF00AB4DA0 /* ActionStyleCell.xib in Resources */,
			);
			runOnlyForDeploymentPostprocessing = 0;
		};
/* End PBXResourcesBuildPhase section */

/* Begin PBXShellScriptBuildPhase section */
		91FD5CCD925CEDF7A7D05FEC /* [CP] Check Pods Manifest.lock */ = {
			isa = PBXShellScriptBuildPhase;
			buildActionMask = 2147483647;
			files = (
			);
			inputFileListPaths = (
			);
			inputPaths = (
				"${PODS_PODFILE_DIR_PATH}/Podfile.lock",
				"${PODS_ROOT}/Manifest.lock",
			);
			name = "[CP] Check Pods Manifest.lock";
			outputFileListPaths = (
			);
			outputPaths = (
				"$(DERIVED_FILE_DIR)/Pods-ngaopensource-checkManifestLockResult.txt",
			);
			runOnlyForDeploymentPostprocessing = 0;
			shellPath = /bin/sh;
			shellScript = "diff \"${PODS_PODFILE_DIR_PATH}/Podfile.lock\" \"${PODS_ROOT}/Manifest.lock\" > /dev/null\nif [ $? != 0 ] ; then\n    # print error to STDERR\n    echo \"error: The sandbox is not in sync with the Podfile.lock. Run 'pod install' or update your CocoaPods installation.\" >&2\n    exit 1\nfi\n# This output is used by Xcode 'outputs' to avoid re-running this script phase.\necho \"SUCCESS\" > \"${SCRIPT_OUTPUT_FILE_0}\"\n";
			showEnvVarsInLog = 0;
		};
		BF831E3A106F9DDE139A6941 /* [CP] Embed Pods Frameworks */ = {
			isa = PBXShellScriptBuildPhase;
			buildActionMask = 2147483647;
			files = (
			);
			inputFileListPaths = (
				"${PODS_ROOT}/Target Support Files/Pods-ngaopensource/Pods-ngaopensource-frameworks-${CONFIGURATION}-input-files.xcfilelist",
			);
			name = "[CP] Embed Pods Frameworks";
			outputFileListPaths = (
				"${PODS_ROOT}/Target Support Files/Pods-ngaopensource/Pods-ngaopensource-frameworks-${CONFIGURATION}-output-files.xcfilelist",
			);
			runOnlyForDeploymentPostprocessing = 0;
			shellPath = /bin/sh;
			shellScript = "\"${PODS_ROOT}/Target Support Files/Pods-ngaopensource/Pods-ngaopensource-frameworks.sh\"\n";
			showEnvVarsInLog = 0;
		};
/* End PBXShellScriptBuildPhase section */

/* Begin PBXSourcesBuildPhase section */
		8B58E09023ADBDFF0007D79B /* Sources */ = {
			isa = PBXSourcesBuildPhase;
			buildActionMask = 2147483647;
			files = (
				8B039C4323B5A8FC008BDFAF /* forumModels.swift in Sources */,
				8BF73C6923B20FEE0029E360 /* Model.swift in Sources */,
				8B38DC6F23B89B9B00C3C701 /* TopicController.swift in Sources */,
				8B75C55823FAA19700AB4DA0 /* SavedTopicsController.swift in Sources */,
				8B039C4123B59B30008BDFAF /* util.swift in Sources */,
				8B95F80323B9CD4B00CCEB83 /* TopicModel.swift in Sources */,
				8B6788D22494E0D2006C83CC /* UserAgreementViewController.swift in Sources */,
				8B58E09C23ADBDFF0007D79B /* TopicListController.swift in Sources */,
				8BAA97E423DDEC5000B80CD7 /* HomeViewController.swift in Sources */,
				8B58E09823ADBDFF0007D79B /* AppDelegate.swift in Sources */,
				8B58E09A23ADBDFF0007D79B /* SceneDelegate.swift in Sources */,
				8BF73C6B23B35BD20029E360 /* TopicListModel.swift in Sources */,
				8BE40EC92489D21E009D284C /* EditForumViewController.swift in Sources */,
				8B75C55623F9141200AB4DA0 /* NewForumController.swift in Sources */,
				8BAA97E623DDF14D00B80CD7 /* SubForumMenuController.swift in Sources */,
				8BC3D39524018317004F6BAA /* NgbTabBarController.swift in Sources */,
			);
			runOnlyForDeploymentPostprocessing = 0;
		};
/* End PBXSourcesBuildPhase section */

/* Begin PBXVariantGroup section */
		8B58E09F23ADBDFF0007D79B /* Main.storyboard */ = {
			isa = PBXVariantGroup;
			children = (
				8B58E0A023ADBDFF0007D79B /* Base */,
			);
			name = Main.storyboard;
			sourceTree = "<group>";
		};
		8B58E0A423ADBE030007D79B /* LaunchScreen.storyboard */ = {
			isa = PBXVariantGroup;
			children = (
				8B58E0A523ADBE030007D79B /* Base */,
			);
			name = LaunchScreen.storyboard;
			sourceTree = "<group>";
		};
/* End PBXVariantGroup section */

/* Begin XCBuildConfiguration section */
		8B58E0A823ADBE030007D79B /* Debug */ = {
			isa = XCBuildConfiguration;
			buildSettings = {
				ALWAYS_SEARCH_USER_PATHS = NO;
				CLANG_ANALYZER_NONNULL = YES;
				CLANG_ANALYZER_NUMBER_OBJECT_CONVERSION = YES_AGGRESSIVE;
				CLANG_CXX_LANGUAGE_STANDARD = "gnu++14";
				CLANG_CXX_LIBRARY = "libc++";
				CLANG_ENABLE_MODULES = YES;
				CLANG_ENABLE_OBJC_ARC = YES;
				CLANG_ENABLE_OBJC_WEAK = YES;
				CLANG_WARN_BLOCK_CAPTURE_AUTORELEASING = YES;
				CLANG_WARN_BOOL_CONVERSION = YES;
				CLANG_WARN_COMMA = YES;
				CLANG_WARN_CONSTANT_CONVERSION = YES;
				CLANG_WARN_DEPRECATED_OBJC_IMPLEMENTATIONS = YES;
				CLANG_WARN_DIRECT_OBJC_ISA_USAGE = YES_ERROR;
				CLANG_WARN_DOCUMENTATION_COMMENTS = YES;
				CLANG_WARN_EMPTY_BODY = YES;
				CLANG_WARN_ENUM_CONVERSION = YES;
				CLANG_WARN_INFINITE_RECURSION = YES;
				CLANG_WARN_INT_CONVERSION = YES;
				CLANG_WARN_NON_LITERAL_NULL_CONVERSION = YES;
				CLANG_WARN_OBJC_IMPLICIT_RETAIN_SELF = YES;
				CLANG_WARN_OBJC_LITERAL_CONVERSION = YES;
				CLANG_WARN_OBJC_ROOT_CLASS = YES_ERROR;
				CLANG_WARN_RANGE_LOOP_ANALYSIS = YES;
				CLANG_WARN_STRICT_PROTOTYPES = YES;
				CLANG_WARN_SUSPICIOUS_MOVE = YES;
				CLANG_WARN_UNGUARDED_AVAILABILITY = YES_AGGRESSIVE;
				CLANG_WARN_UNREACHABLE_CODE = YES;
				CLANG_WARN__DUPLICATE_METHOD_MATCH = YES;
				COPY_PHASE_STRIP = NO;
				DEBUG_INFORMATION_FORMAT = dwarf;
				ENABLE_STRICT_OBJC_MSGSEND = YES;
				ENABLE_TESTABILITY = YES;
				GCC_C_LANGUAGE_STANDARD = gnu11;
				GCC_DYNAMIC_NO_PIC = NO;
				GCC_NO_COMMON_BLOCKS = YES;
				GCC_OPTIMIZATION_LEVEL = 0;
				GCC_PREPROCESSOR_DEFINITIONS = (
					"DEBUG=1",
					"$(inherited)",
				);
				GCC_WARN_64_TO_32_BIT_CONVERSION = YES;
				GCC_WARN_ABOUT_RETURN_TYPE = YES_ERROR;
				GCC_WARN_UNDECLARED_SELECTOR = YES;
				GCC_WARN_UNINITIALIZED_AUTOS = YES_AGGRESSIVE;
				GCC_WARN_UNUSED_FUNCTION = YES;
				GCC_WARN_UNUSED_VARIABLE = YES;
				IPHONEOS_DEPLOYMENT_TARGET = 13.0;
				MTL_ENABLE_DEBUG_INFO = INCLUDE_SOURCE;
				MTL_FAST_MATH = YES;
				ONLY_ACTIVE_ARCH = YES;
				SDKROOT = iphoneos;
				SWIFT_ACTIVE_COMPILATION_CONDITIONS = DEBUG;
				SWIFT_OPTIMIZATION_LEVEL = "-Onone";
			};
			name = Debug;
		};
		8B58E0A923ADBE030007D79B /* Release */ = {
			isa = XCBuildConfiguration;
			buildSettings = {
				ALWAYS_SEARCH_USER_PATHS = NO;
				CLANG_ANALYZER_NONNULL = YES;
				CLANG_ANALYZER_NUMBER_OBJECT_CONVERSION = YES_AGGRESSIVE;
				CLANG_CXX_LANGUAGE_STANDARD = "gnu++14";
				CLANG_CXX_LIBRARY = "libc++";
				CLANG_ENABLE_MODULES = YES;
				CLANG_ENABLE_OBJC_ARC = YES;
				CLANG_ENABLE_OBJC_WEAK = YES;
				CLANG_WARN_BLOCK_CAPTURE_AUTORELEASING = YES;
				CLANG_WARN_BOOL_CONVERSION = YES;
				CLANG_WARN_COMMA = YES;
				CLANG_WARN_CONSTANT_CONVERSION = YES;
				CLANG_WARN_DEPRECATED_OBJC_IMPLEMENTATIONS = YES;
				CLANG_WARN_DIRECT_OBJC_ISA_USAGE = YES_ERROR;
				CLANG_WARN_DOCUMENTATION_COMMENTS = YES;
				CLANG_WARN_EMPTY_BODY = YES;
				CLANG_WARN_ENUM_CONVERSION = YES;
				CLANG_WARN_INFINITE_RECURSION = YES;
				CLANG_WARN_INT_CONVERSION = YES;
				CLANG_WARN_NON_LITERAL_NULL_CONVERSION = YES;
				CLANG_WARN_OBJC_IMPLICIT_RETAIN_SELF = YES;
				CLANG_WARN_OBJC_LITERAL_CONVERSION = YES;
				CLANG_WARN_OBJC_ROOT_CLASS = YES_ERROR;
				CLANG_WARN_RANGE_LOOP_ANALYSIS = YES;
				CLANG_WARN_STRICT_PROTOTYPES = YES;
				CLANG_WARN_SUSPICIOUS_MOVE = YES;
				CLANG_WARN_UNGUARDED_AVAILABILITY = YES_AGGRESSIVE;
				CLANG_WARN_UNREACHABLE_CODE = YES;
				CLANG_WARN__DUPLICATE_METHOD_MATCH = YES;
				COPY_PHASE_STRIP = NO;
				DEBUG_INFORMATION_FORMAT = "dwarf-with-dsym";
				ENABLE_NS_ASSERTIONS = NO;
				ENABLE_STRICT_OBJC_MSGSEND = YES;
				GCC_C_LANGUAGE_STANDARD = gnu11;
				GCC_NO_COMMON_BLOCKS = YES;
				GCC_WARN_64_TO_32_BIT_CONVERSION = YES;
				GCC_WARN_ABOUT_RETURN_TYPE = YES_ERROR;
				GCC_WARN_UNDECLARED_SELECTOR = YES;
				GCC_WARN_UNINITIALIZED_AUTOS = YES_AGGRESSIVE;
				GCC_WARN_UNUSED_FUNCTION = YES;
				GCC_WARN_UNUSED_VARIABLE = YES;
				IPHONEOS_DEPLOYMENT_TARGET = 13.0;
				MTL_ENABLE_DEBUG_INFO = NO;
				MTL_FAST_MATH = YES;
				SDKROOT = iphoneos;
				SWIFT_COMPILATION_MODE = wholemodule;
				SWIFT_OPTIMIZATION_LEVEL = "-O";
				VALIDATE_PRODUCT = YES;
			};
			name = Release;
		};
		8B58E0AB23ADBE030007D79B /* Debug */ = {
			isa = XCBuildConfiguration;
			baseConfigurationReference = 416E71BFDBD35287307A0024 /* Pods-ngaopensource.debug.xcconfig */;
			buildSettings = {
				ASSETCATALOG_COMPILER_APPICON_NAME = AppIcon;
				CODE_SIGN_STYLE = Automatic;
				DEVELOPMENT_TEAM = JJD9DXZ6V5;
				INFOPLIST_FILE = ngaopensource/Info.plist;
				LD_RUNPATH_SEARCH_PATHS = (
					"$(inherited)",
					"@executable_path/Frameworks",
				);
				PRODUCT_BUNDLE_IDENTIFIER = edu.umd.ngb;
				PRODUCT_NAME = ngb;
				SWIFT_VERSION = 5.0;
				TARGETED_DEVICE_FAMILY = "1,2";
			};
			name = Debug;
		};
		8B58E0AC23ADBE030007D79B /* Release */ = {
			isa = XCBuildConfiguration;
			baseConfigurationReference = 483FA3F405F0C686E4767871 /* Pods-ngaopensource.release.xcconfig */;
			buildSettings = {
				ASSETCATALOG_COMPILER_APPICON_NAME = AppIcon;
				CODE_SIGN_STYLE = Automatic;
				DEVELOPMENT_TEAM = JJD9DXZ6V5;
				INFOPLIST_FILE = ngaopensource/Info.plist;
				LD_RUNPATH_SEARCH_PATHS = (
					"$(inherited)",
					"@executable_path/Frameworks",
				);
				PRODUCT_BUNDLE_IDENTIFIER = edu.umd.ngb;
				PRODUCT_NAME = ngb;
				SWIFT_VERSION = 5.0;
				TARGETED_DEVICE_FAMILY = "1,2";
			};
			name = Release;
		};
/* End XCBuildConfiguration section */

/* Begin XCConfigurationList section */
		8B58E08F23ADBDFF0007D79B /* Build configuration list for PBXProject "ngaopensource" */ = {
			isa = XCConfigurationList;
			buildConfigurations = (
				8B58E0A823ADBE030007D79B /* Debug */,
				8B58E0A923ADBE030007D79B /* Release */,
			);
			defaultConfigurationIsVisible = 0;
			defaultConfigurationName = Release;
		};
		8B58E0AA23ADBE030007D79B /* Build configuration list for PBXNativeTarget "ngaopensource" */ = {
			isa = XCConfigurationList;
			buildConfigurations = (
				8B58E0AB23ADBE030007D79B /* Debug */,
				8B58E0AC23ADBE030007D79B /* Release */,
			);
			defaultConfigurationIsVisible = 0;
			defaultConfigurationName = Release;
		};
/* End XCConfigurationList section */
	};
	rootObject = 8B58E08C23ADBDFF0007D79B /* Project object */;
}
